{
    "_readme": [
        "This file locks the dependencies of your project to a known state",
        "Read more about it at https://getcomposer.org/doc/01-basic-usage.md#installing-dependencies",
        "This file is @generated automatically"
    ],
    "content-hash": "96cc6f772d16e9e69c09a4b4f98ef62e",
    "packages": [
        {
            "name": "kornrunner/keccak",
            "version": "1.1.0",
            "source": {
                "type": "git",
                "url": "https://github.com/kornrunner/php-keccak.git",
                "reference": "433749d28e117fb97baf9f2631b92b5d9ab3c890"
            },
            "dist": {
                "type": "zip",
                "url": "https://api.github.com/repos/kornrunner/php-keccak/zipball/433749d28e117fb97baf9f2631b92b5d9ab3c890",
                "reference": "433749d28e117fb97baf9f2631b92b5d9ab3c890",
                "shasum": ""
            },
            "require": {
                "php": ">=7.3",
                "symfony/polyfill-mbstring": "^1.8"
            },
            "require-dev": {
                "phpunit/phpunit": "^8.2"
            },
            "type": "library",
            "autoload": {
                "psr-4": {
                    "kornrunner\\": "src"
                }
            },
            "notification-url": "https://packagist.org/downloads/",
            "license": [
                "MIT"
            ],
            "authors": [
                {
                    "name": "Boris Momcilovic",
                    "homepage": "https://github.com/kornrunner/php-keccak"
                }
            ],
            "description": "Pure PHP implementation of Keccak",
            "keywords": [
                "keccak",
                "sha-3",
                "sha3-256"
            ],
            "support": {
                "issues": "https://github.com/kornrunner/php-keccak/issues",
                "source": "https://github.com/kornrunner/php-keccak/tree/1.1.0"
            },
            "time": "2020-12-07T15:40:44+00:00"
        },
        {
            "name": "symfony/polyfill-mbstring",
            "version": "v1.24.0",
            "source": {
                "type": "git",
                "url": "https://github.com/symfony/polyfill-mbstring.git",
                "reference": "0abb51d2f102e00a4eefcf46ba7fec406d245825"
            },
            "dist": {
                "type": "zip",
                "url": "https://api.github.com/repos/symfony/polyfill-mbstring/zipball/0abb51d2f102e00a4eefcf46ba7fec406d245825",
                "reference": "0abb51d2f102e00a4eefcf46ba7fec406d245825",
                "shasum": ""
            },
            "require": {
                "php": ">=7.1"
            },
            "provide": {
                "ext-mbstring": "*"
            },
            "suggest": {
                "ext-mbstring": "For best performance"
            },
            "type": "library",
            "extra": {
                "branch-alias": {
                    "dev-main": "1.23-dev"
                },
                "thanks": {
                    "name": "symfony/polyfill",
                    "url": "https://github.com/symfony/polyfill"
                }
            },
            "autoload": {
                "files": [
                    "bootstrap.php"
                ],
                "psr-4": {
                    "Symfony\\Polyfill\\Mbstring\\": ""
                }
            },
            "notification-url": "https://packagist.org/downloads/",
            "license": [
                "MIT"
            ],
            "authors": [
                {
                    "name": "Nicolas Grekas",
                    "email": "p@tchwork.com"
                },
                {
                    "name": "Symfony Community",
                    "homepage": "https://symfony.com/contributors"
                }
            ],
            "description": "Symfony polyfill for the Mbstring extension",
            "homepage": "https://symfony.com",
            "keywords": [
                "compatibility",
                "mbstring",
                "polyfill",
                "portable",
                "shim"
            ],
            "support": {
                "source": "https://github.com/symfony/polyfill-mbstring/tree/v1.24.0"
            },
            "funding": [
                {
                    "url": "https://symfony.com/sponsor",
                    "type": "custom"
                },
                {
                    "url": "https://github.com/fabpot",
                    "type": "github"
                },
                {
                    "url": "https://tidelift.com/funding/github/packagist/symfony/symfony",
                    "type": "tidelift"
                }
            ],
            "time": "2021-11-30T18:21:41+00:00"
        },
        {
            "name": "tuupola/base58",
            "version": "2.1.0",
            "source": {
                "type": "git",
                "url": "https://github.com/tuupola/base58.git",
                "reference": "4cd1a3972679946e87c0746f59ff8f0760240b4c"
            },
            "dist": {
                "type": "zip",
                "url": "https://api.github.com/repos/tuupola/base58/zipball/4cd1a3972679946e87c0746f59ff8f0760240b4c",
                "reference": "4cd1a3972679946e87c0746f59ff8f0760240b4c",
                "shasum": ""
            },
            "require": {
                "php": "^7.1|^8.0"
            },
            "require-dev": {
                "overtrue/phplint": "^1.0.0",
                "phpbench/phpbench": "^0.13.0",
                "phpstan/phpstan": "^0.12.37",
                "phpunit/phpunit": "^7.0|^8.0|^9.0",
                "squizlabs/php_codesniffer": "^3.0"
            },
            "suggest": {
                "ext-gmp": "GMP extension provides the fastest encoding and decoding."
            },
            "type": "library",
            "autoload": {
                "psr-4": {
                    "Tuupola\\": "src"
                }
            },
            "notification-url": "https://packagist.org/downloads/",
            "license": [
                "MIT"
            ],
            "authors": [
                {
                    "name": "Mika Tuupola",
                    "email": "tuupola@appelsiini.net",
                    "homepage": "https://appelsiini.net/",
                    "role": "Developer"
                }
            ],
            "description": "Base58 encoder and decoder for arbitrary data",
            "homepage": "https://github.com/tuupola/base58",
            "keywords": [
                "base58"
            ],
            "support": {
                "issues": "https://github.com/tuupola/base58/issues",
                "source": "https://github.com/tuupola/base58/tree/2.1.0"
            },
            "funding": [
                {
                    "url": "https://github.com/tuupola",
                    "type": "github"
                }
            ],
            "time": "2020-09-09T11:38:20+00:00"
        }
    ],
    "packages-dev": [],
    "aliases": [],
    "minimum-stability": "stable",
    "stability-flags": [],
    "prefer-stable": false,
    "prefer-lowest": false,
    "platform": [],
    "platform-dev": [],
    "plugin-api-version": "2.2.0"
}
